
Microsoft Visual Studio Solution File, Format Version 12.00
# Visual Studio 15
VisualStudioVersion = 15.0.28010.2050
MinimumVisualStudioVersion = 10.0.40219.1
Project("{FAE04EC0-301F-11D3-BF4B-00C04F79EFBC}") = "Core", "Core\Core.csproj", "{6795FC89-1344-4589-A681-2C4B99ED9C45}"
EndProject
Project("{FAE04EC0-301F-11D3-BF4B-00C04F79EFBC}") = "CMS", "CMS\CMS.csproj", "{1737FFFB-2E26-4867-B146-FE16EC211B3A}"
EndProject
Project("{FAE04EC0-301F-11D3-BF4B-00C04F79EFBC}") = "Web", "Web\Web.csproj", "{79B49C7C-4948-4162-995F-895D01946383}"
EndProject
Project("{FAE04EC0-301F-11D3-BF4B-00C04F79EFBC}") = "WebApi", "WebApi\WebApi.csproj", "{ABE7D353-F27B-490E-B063-641D3B7A57D3}"
EndProject
Global
	GlobalSection(SolutionConfigurationPlatforms) = preSolution
		Debug|Any CPU = Debug|Any CPU
		Release|Any CPU = Release|Any CPU
	EndGlobalSection
	GlobalSection(ProjectConfigurationPlatforms) = postSolution
		{6795FC89-1344-4589-A681-2C4B99ED9C45}.Debug|Any CPU.ActiveCfg = Debug|Any CPU
		{6795FC89-1344-4589-A681-2C4B99ED9C45}.Debug|Any CPU.Build.0 = Debug|Any CPU
		{6795FC89-1344-4589-A681-2C4B99ED9C45}.Release|Any CPU.ActiveCfg = Release|Any CPU
		{6795FC89-1344-4589-A681-2C4B99ED9C45}.Release|Any CPU.Build.0 = Release|Any CPU
		{1737FFFB-2E26-4867-B146-FE16EC211B3A}.Debug|Any CPU.ActiveCfg = Debug|Any CPU
		{1737FFFB-2E26-4867-B146-FE16EC211B3A}.Debug|Any CPU.Build.0 = Debug|Any CPU
		{1737FFFB-2E26-4867-B146-FE16EC211B3A}.Release|Any CPU.ActiveCfg = Release|Any CPU
		{1737FFFB-2E26-4867-B146-FE16EC211B3A}.Release|Any CPU.Build.0 = Release|Any CPU
		{79B49C7C-4948-4162-995F-895D01946383}.Debug|Any CPU.ActiveCfg = Debug|Any CPU
		{79B49C7C-4948-4162-995F-895D01946383}.Debug|Any CPU.Build.0 = Debug|Any CPU
		{79B49C7C-4948-4162-995F-895D01946383}.Release|Any CPU.ActiveCfg = Release|Any CPU
		{79B49C7C-4948-4162-995F-895D01946383}.Release|Any CPU.Build.0 = Release|Any CPU
		{ABE7D353-F27B-490E-B063-641D3B7A57D3}.Debug|Any CPU.ActiveCfg = Debug|Any CPU
		{ABE7D353-F27B-490E-B063-641D3B7A57D3}.Debug|Any CPU.Build.0 = Debug|Any CPU
		{ABE7D353-F27B-490E-B063-641D3B7A57D3}.Release|Any CPU.ActiveCfg = Release|Any CPU
		{ABE7D353-F27B-490E-B063-641D3B7A57D3}.Release|Any CPU.Build.0 = Release|Any CPU
	EndGlobalSection
	GlobalSection(SolutionProperties) = preSolution
		HideSolutionNode = FALSE
	EndGlobalSection
	GlobalSection(ExtensibilityGlobals) = postSolution
		SolutionGuid = {613AAD0A-6FA5-4882-B258-79ADC1A54B30}
	EndGlobalSection
EndGlobal
